PODS:
  - CryptoSwift (1.8.4)
  - DRMLib (2.1.1):
    - CryptoSwift (>= 1.8.3)
  - RangersAppLog/Core (6.16.9):
    - RangersAppLog/Encryptor/VOLC
  - RangersAppLog/Encryptor/VOLC (6.16.9)
  - RangersAppLog/Host/CN (6.16.9):
    - RangersAppLog/Core
  - SnapKit (5.7.1)
  - TTSDK/Core (1.41.3.603-premium):
    - RangersAppLog/Core (~> 6.16.2)
    - RangersAppLog/Host/CN (~> 6.16.2)
  - TTSDK/HttpDNS (1.41.3.603-premium)
  - TTSDK/Player (1.41.3.603-premium):
    - TTSDK/Core
    - TTSDK/HttpDNS
    - TTSDK/PlayerCore
    - TTSDK/Reachability
    - TTSDK/TopSignature
    - TTSDK/VCN
    - TTSDK/VolcLog
  - TTSDK/PlayerCore (1.41.3.603-premium):
    - TTSDK/Core
    - TTSDK/Tools
    - TTSDK/TTFFmpeg
    - TTSDK/VideoProcessor
  - TTSDK/Reachability (1.41.3.603-premium)
  - TTSDK/SSL (1.41.3.603-premium)
  - TTSDK/Tools (1.41.3.603-premium):
    - TTSDK/SSL
  - TTSDK/TopSignature (1.41.3.603-premium)
  - TTSDK/TTFFmpeg (1.41.3.603-premium):
    - TTSDK/Tools
  - TTSDK/VCN (1.41.3.603-premium)
  - TTSDK/VideoProcessor (1.41.3.603-premium)
  - TTSDK/VolcLog (1.41.3.603-premium):
    - TTSDK/SSL

DEPENDENCIES:
  - DRMLib (= 2.1.1)
  - SnapKit
  - TTSDK/Player (= 1.41.3.603-premium)

SPEC REPOS:
  https://github.com/CocoaPods/Specs.git:
    - CryptoSwift
    - SnapKit
  https://github.com/LexoVideo/lexo-dev-specs.git:
    - DRMLib
  https://github.com/volcengine/volcengine-specs.git:
    - RangersAppLog
    - TTSDK

SPEC CHECKSUMS:
  CryptoSwift: e64e11850ede528a02a0f3e768cec8e9d92ecb90
  DRMLib: 90a2175bc00f26fccedd9cb98019453c203eda1a
  RangersAppLog: d4fa640a806e5fef583b07bea2f610684e81161e
  SnapKit: d612e99e678a2d3b95bf60b0705ed0a35c03484a
  TTSDK: fc0df802d610d4a97dde0196acf8d729bf0cf19a

PODFILE CHECKSUM: e15870619a5484215cfadf48af177e3c57bc9234

COCOAPODS: 1.15.2
